
Microsoft Visual Studio Solution File, Format Version 12.00
# Visual Studio Version 16
VisualStudioVersion = 16.0.29215.179
MinimumVisualStudioVersion = 10.0.40219.1
Project("{FAE04EC0-301F-11D3-BF4B-00C04F79EFBC}") = "VariablesOperatorsConditions", "VariablesOperatorsConditions\VariablesOperatorsConditions.csproj", "{4ACC3A6D-B02B-4855-92F3-8BD1BAEDFFD5}"
EndProject
Global
	GlobalSection(SolutionConfigurationPlatforms) = preSolution
		Debug|Any CPU = Debug|Any CPU
		Release|Any CPU = Release|Any CPU
	EndGlobalSection
	GlobalSection(ProjectConfigurationPlatforms) = postSolution
		{4ACC3A6D-B02B-4855-92F3-8BD1BAEDFFD5}.Debug|Any CPU.ActiveCfg = Debug|Any CPU
		{4ACC3A6D-B02B-4855-92F3-8BD1BAEDFFD5}.Debug|Any CPU.Build.0 = Debug|Any CPU
		{4ACC3A6D-B02B-4855-92F3-8BD1BAEDFFD5}.Release|Any CPU.ActiveCfg = Release|Any CPU
		{4ACC3A6D-B02B-4855-92F3-8BD1BAEDFFD5}.Release|Any CPU.Build.0 = Release|Any CPU
	EndGlobalSection
	GlobalSection(SolutionProperties) = preSolution
		HideSolutionNode = FALSE
	EndGlobalSection
	GlobalSection(ExtensibilityGlobals) = postSolution
		SolutionGuid = {F940C57D-61B4-4DFB-A771-C2131DDF3FFC}
	EndGlobalSection
EndGlobal
