
Microsoft Visual Studio Solution File, Format Version 12.00
# Visual Studio Version 16
VisualStudioVersion = 16.0.29215.179
MinimumVisualStudioVersion = 10.0.40219.1
Project("{FAE04EC0-301F-11D3-BF4B-00C04F79EFBC}") = "IntegerDivision", "IntegerDivision\IntegerDivision.csproj", "{8418BF58-2DD4-4753-B4C2-949B0C2F312D}"
EndProject
Global
	GlobalSection(SolutionConfigurationPlatforms) = preSolution
		Debug|Any CPU = Debug|Any CPU
		Release|Any CPU = Release|Any CPU
	EndGlobalSection
	GlobalSection(ProjectConfigurationPlatforms) = postSolution
		{8418BF58-2DD4-4753-B4C2-949B0C2F312D}.Debug|Any CPU.ActiveCfg = Debug|Any CPU
		{8418BF58-2DD4-4753-B4C2-949B0C2F312D}.Debug|Any CPU.Build.0 = Debug|Any CPU
		{8418BF58-2DD4-4753-B4C2-949B0C2F312D}.Release|Any CPU.ActiveCfg = Release|Any CPU
		{8418BF58-2DD4-4753-B4C2-949B0C2F312D}.Release|Any CPU.Build.0 = Release|Any CPU
	EndGlobalSection
	GlobalSection(SolutionProperties) = preSolution
		HideSolutionNode = FALSE
	EndGlobalSection
	GlobalSection(ExtensibilityGlobals) = postSolution
		SolutionGuid = {C4D673DD-292C-49B3-90C4-3E405AC669B5}
	EndGlobalSection
EndGlobal
