
Microsoft Visual Studio Solution File, Format Version 12.00
# Visual Studio 15
VisualStudioVersion = 15.0.26730.16
MinimumVisualStudioVersion = 10.0.40219.1
Project("{FAE04EC0-301F-11D3-BF4B-00C04F79EFBC}") = "NestedNumberGrid", "NestedNumberGrid\NestedNumberGrid.csproj", "{FBBBAFB8-9059-425C-8AAF-BFE9503068AD}"
EndProject
Global
	GlobalSection(SolutionConfigurationPlatforms) = preSolution
		Debug|Any CPU = Debug|Any CPU
		Release|Any CPU = Release|Any CPU
	EndGlobalSection
	GlobalSection(ProjectConfigurationPlatforms) = postSolution
		{FBBBAFB8-9059-425C-8AAF-BFE9503068AD}.Debug|Any CPU.ActiveCfg = Debug|Any CPU
		{FBBBAFB8-9059-425C-8AAF-BFE9503068AD}.Debug|Any CPU.Build.0 = Debug|Any CPU
		{FBBBAFB8-9059-425C-8AAF-BFE9503068AD}.Release|Any CPU.ActiveCfg = Release|Any CPU
		{FBBBAFB8-9059-425C-8AAF-BFE9503068AD}.Release|Any CPU.Build.0 = Release|Any CPU
	EndGlobalSection
	GlobalSection(SolutionProperties) = preSolution
		HideSolutionNode = FALSE
	EndGlobalSection
	GlobalSection(ExtensibilityGlobals) = postSolution
		SolutionGuid = {B7FAB3A3-0875-4562-826F-EB6E6875A3DD}
	EndGlobalSection
EndGlobal
