
Microsoft Visual Studio Solution File, Format Version 12.00
# Visual Studio 15
VisualStudioVersion = 15.0.26730.16
MinimumVisualStudioVersion = 10.0.40219.1
Project("{FAE04EC0-301F-11D3-BF4B-00C04F79EFBC}") = "InputValidation", "InputValidation\InputValidation.csproj", "{9151F90D-4DB8-461C-9D78-23D0A5599789}"
EndProject
Global
	GlobalSection(SolutionConfigurationPlatforms) = preSolution
		Debug|Any CPU = Debug|Any CPU
		Release|Any CPU = Release|Any CPU
	EndGlobalSection
	GlobalSection(ProjectConfigurationPlatforms) = postSolution
		{9151F90D-4DB8-461C-9D78-23D0A5599789}.Debug|Any CPU.ActiveCfg = Debug|Any CPU
		{9151F90D-4DB8-461C-9D78-23D0A5599789}.Debug|Any CPU.Build.0 = Debug|Any CPU
		{9151F90D-4DB8-461C-9D78-23D0A5599789}.Release|Any CPU.ActiveCfg = Release|Any CPU
		{9151F90D-4DB8-461C-9D78-23D0A5599789}.Release|Any CPU.Build.0 = Release|Any CPU
	EndGlobalSection
	GlobalSection(SolutionProperties) = preSolution
		HideSolutionNode = FALSE
	EndGlobalSection
	GlobalSection(ExtensibilityGlobals) = postSolution
		SolutionGuid = {B3435D71-1D6D-45F2-8CF6-54D5F6791121}
	EndGlobalSection
EndGlobal
