
Microsoft Visual Studio Solution File, Format Version 12.00
# Visual Studio 15
VisualStudioVersion = 15.0.26730.16
MinimumVisualStudioVersion = 10.0.40219.1
Project("{FAE04EC0-301F-11D3-BF4B-00C04F79EFBC}") = "Calculator", "Calculator\Calculator.csproj", "{B5852F04-FF5F-424F-B12F-1A5B28E56C6E}"
EndProject
Global
	GlobalSection(SolutionConfigurationPlatforms) = preSolution
		Debug|Any CPU = Debug|Any CPU
		Release|Any CPU = Release|Any CPU
	EndGlobalSection
	GlobalSection(ProjectConfigurationPlatforms) = postSolution
		{B5852F04-FF5F-424F-B12F-1A5B28E56C6E}.Debug|Any CPU.ActiveCfg = Debug|Any CPU
		{B5852F04-FF5F-424F-B12F-1A5B28E56C6E}.Debug|Any CPU.Build.0 = Debug|Any CPU
		{B5852F04-FF5F-424F-B12F-1A5B28E56C6E}.Release|Any CPU.ActiveCfg = Release|Any CPU
		{B5852F04-FF5F-424F-B12F-1A5B28E56C6E}.Release|Any CPU.Build.0 = Release|Any CPU
	EndGlobalSection
	GlobalSection(SolutionProperties) = preSolution
		HideSolutionNode = FALSE
	EndGlobalSection
	GlobalSection(ExtensibilityGlobals) = postSolution
		SolutionGuid = {1AEBEA5E-8BD3-4934-BFC8-784A0F6350EB}
	EndGlobalSection
EndGlobal
