
Microsoft Visual Studio Solution File, Format Version 12.00
# Visual Studio Version 16
VisualStudioVersion = 16.0.29215.179
MinimumVisualStudioVersion = 10.0.40219.1
Project("{FAE04EC0-301F-11D3-BF4B-00C04F79EFBC}") = "CurrencyConverter", "CurrencyConverter\CurrencyConverter.csproj", "{99369DA0-8745-4A2F-AD9E-A6E303A51F89}"
EndProject
Global
	GlobalSection(SolutionConfigurationPlatforms) = preSolution
		Debug|Any CPU = Debug|Any CPU
		Release|Any CPU = Release|Any CPU
	EndGlobalSection
	GlobalSection(ProjectConfigurationPlatforms) = postSolution
		{99369DA0-8745-4A2F-AD9E-A6E303A51F89}.Debug|Any CPU.ActiveCfg = Debug|Any CPU
		{99369DA0-8745-4A2F-AD9E-A6E303A51F89}.Debug|Any CPU.Build.0 = Debug|Any CPU
		{99369DA0-8745-4A2F-AD9E-A6E303A51F89}.Release|Any CPU.ActiveCfg = Release|Any CPU
		{99369DA0-8745-4A2F-AD9E-A6E303A51F89}.Release|Any CPU.Build.0 = Release|Any CPU
	EndGlobalSection
	GlobalSection(SolutionProperties) = preSolution
		HideSolutionNode = FALSE
	EndGlobalSection
	GlobalSection(ExtensibilityGlobals) = postSolution
		SolutionGuid = {54EE454C-9197-4D80-A73E-42A6F826EA4E}
	EndGlobalSection
EndGlobal
